
Microsoft Visual Studio Solution File, Format Version 12.00
# Visual Studio Version 17
VisualStudioVersion = 17.2.32602.215
MinimumVisualStudioVersion = 10.0.40219.1
Project("{FAE04EC0-301F-11D3-BF4B-00C04F79EFBC}") = "WebApplication1", "WebApplication1\WebApplication1.csproj", "{C27D717B-EB27-46C3-A0FD-9FF6BD3EA764}"
EndProject
Global
	GlobalSection(SolutionConfigurationPlatforms) = preSolution
		Debug|Any CPU = Debug|Any CPU
		Release|Any CPU = Release|Any CPU
	EndGlobalSection
	GlobalSection(ProjectConfigurationPlatforms) = postSolution
		{C27D717B-EB27-46C3-A0FD-9FF6BD3EA764}.Debug|Any CPU.ActiveCfg = Debug|Any CPU
		{C27D717B-EB27-46C3-A0FD-9FF6BD3EA764}.Debug|Any CPU.Build.0 = Debug|Any CPU
		{C27D717B-EB27-46C3-A0FD-9FF6BD3EA764}.Release|Any CPU.ActiveCfg = Release|Any CPU
		{C27D717B-EB27-46C3-A0FD-9FF6BD3EA764}.Release|Any CPU.Build.0 = Release|Any CPU
	EndGlobalSection
	GlobalSection(SolutionProperties) = preSolution
		HideSolutionNode = FALSE
	EndGlobalSection
	GlobalSection(ExtensibilityGlobals) = postSolution
		SolutionGuid = {3B06BA10-4E70-49BE-BB8B-C478CF912D3B}
	EndGlobalSection
EndGlobal
